<?xml version="1.0" encoding="utf-8"?>
<Project ToolsVersion="4.0" xmlns="http://schemas.microsoft.com/developer/msbuild/2003">
  <ItemGroup>
    <ClCompile Include="Application.cpp" />
    <ClCompile Include="log.cpp" />
    <ClCompile Include="Main.cpp" />
    <ClCompile Include="ModuleAudio.cpp" />
    <ClCompile Include="ModuleBossEnemy.cpp" />
    <ClCompile Include="ModuleCollision.cpp" />
    <ClCompile Include="ModuleEnemy.cpp" />
    <ClCompile Include="ModuleLevel.cpp" />
    <ClCompile Include="ModuleMap.cpp" />
    <ClCompile Include="ModuleParticles.cpp" />
    <ClCompile Include="ModuleScene.cpp" />
    <ClCompile Include="ModuleFadeToBlack.cpp" />
    <ClCompile Include="ModuleInput.cpp" />
    <ClCompile Include="ModulePlayer.cpp" />
    <ClCompile Include="ModuleRender.cpp" />
    <ClCompile Include="ModuleSceneBoss.cpp" />
    <ClCompile Include="ModuleSceneIntro.cpp" />
    <ClCompile Include="ModuleTextures.cpp" />
    <ClCompile Include="ModuleTimer.cpp" />
    <ClCompile Include="ModuleWindow.cpp" />
    <ClCompile Include="ModulePowerUp.cpp" />
    <ClCompile Include="ModuleCredits.cpp" />
    <ClCompile Include="SceneManager.cpp" />
  </ItemGroup>
  <ItemGroup>
    <ClInclude Include="Animation.h" />
    <ClInclude Include="Application.h" />
    <ClInclude Include="Globals.h" />
    <ClInclude Include="ModuleBossEnemy.h" />
    <ClInclude Include="ModuleCollision.h" />
    <ClInclude Include="ModuleEnemy.h" />
    <ClInclude Include="ModuleLevel.h" />
    <ClInclude Include="ModuleMap.h" />
    <ClInclude Include="ModulePowerUp.h" />
    <ClInclude Include="ModuleScene.h" />
    <ClInclude Include="ModuleSceneBoss.h" />
    <ClInclude Include="ModuleSceneIntro.h" />
    <ClInclude Include="ModuleTimer.h" />
    <ClInclude Include="p2List.h" />
    <ClInclude Include="Module.h" />
    <ClInclude Include="ModuleAudio.h" />
    <ClInclude Include="ModuleParticles.h" />
    <ClInclude Include="ModuleFadeToBlack.h" />
    <ClInclude Include="ModuleInput.h" />
    <ClInclude Include="ModulePlayer.h" />
    <ClInclude Include="ModuleRender.h" />
    <ClInclude Include="ModuleTextures.h" />
    <ClInclude Include="ModuleWindow.h" />
    <ClInclude Include="p2DynArray.h" />
    <ClInclude Include="p2Point.h" />
    <ClInclude Include="ModuleCredits.h" />
    <ClInclude Include="SceneManager.h" />
  </ItemGroup>
</Project>